
Microsoft Visual Studio Solution File, Format Version 12.00
# Visual Studio Version 17
VisualStudioVersion = 17.13.35931.197 d17.13
MinimumVisualStudioVersion = 10.0.40219.1
Project("{FAE04EC0-301F-11D3-BF4B-00C04F79EFBC}") = "SimpleDelegate", "delegates\SimpleDelegate.csproj", "{18835EE0-F50B-4CB6-9798-8C2F17A27EA1}"
EndProject
Project("{FAE04EC0-301F-11D3-BF4B-00C04F79EFBC}") = "MyFirstDelegate", "MyFirstDelegate\MyFirstDelegate.csproj", "{9B48952C-A2E2-449E-83C9-561BC2255906}"
EndProject
Global
	GlobalSection(SolutionConfigurationPlatforms) = preSolution
		Debug|Any CPU = Debug|Any CPU
		Release|Any CPU = Release|Any CPU
	EndGlobalSection
	GlobalSection(ProjectConfigurationPlatforms) = postSolution
		{18835EE0-F50B-4CB6-9798-8C2F17A27EA1}.Debug|Any CPU.ActiveCfg = Debug|Any CPU
		{18835EE0-F50B-4CB6-9798-8C2F17A27EA1}.Debug|Any CPU.Build.0 = Debug|Any CPU
		{18835EE0-F50B-4CB6-9798-8C2F17A27EA1}.Release|Any CPU.ActiveCfg = Release|Any CPU
		{18835EE0-F50B-4CB6-9798-8C2F17A27EA1}.Release|Any CPU.Build.0 = Release|Any CPU
		{9B48952C-A2E2-449E-83C9-561BC2255906}.Debug|Any CPU.ActiveCfg = Debug|Any CPU
		{9B48952C-A2E2-449E-83C9-561BC2255906}.Debug|Any CPU.Build.0 = Debug|Any CPU
		{9B48952C-A2E2-449E-83C9-561BC2255906}.Release|Any CPU.ActiveCfg = Release|Any CPU
		{9B48952C-A2E2-449E-83C9-561BC2255906}.Release|Any CPU.Build.0 = Release|Any CPU
	EndGlobalSection
	GlobalSection(SolutionProperties) = preSolution
		HideSolutionNode = FALSE
	EndGlobalSection
	GlobalSection(ExtensibilityGlobals) = postSolution
		SolutionGuid = {F06682A4-41CD-4A39-8D7F-278F31255671}
	EndGlobalSection
EndGlobal
